{
  "version": 4,
  "terraform_version": "1.14.3",
  "serial": 99,
  "lineage": "c7094553-252e-7ba0-a394-0668706ae4ec",
  "outputs": {
    "svc_master_private_ip": {
      "value": "172.31.12.112",
      "type": "string"
    },
    "svc_master_public_ip": {
      "value": "13.214.199.29",
      "type": "string"
    },
    "svc_worker_private_ips": {
      "value": [
        "172.31.4.69",
        "172.31.2.211"
      ],
      "type": [
        "tuple",
        [
          "string",
          "string"
        ]
      ]
    },
    "svc_worker_public_ips": {
      "value": [
        "13.212.160.208",
        "13.214.158.91"
      ],
      "type": [
        "tuple",
        [
          "string",
          "string"
        ]
      ]
    }
  },
  "resources": [
    {
      "mode": "data",
      "type": "aws_ami",
      "name": "ubuntu_2204_gp2",
      "provider": "provider[\"registry.terraform.io/hashicorp/aws\"]",
      "instances": [
        {
          "schema_version": 0,
          "attributes": {
            "allow_unsafe_filter": null,
            "architecture": "x86_64",
            "arn": "arn:aws:ec2:ap-southeast-1::image/ami-0c687e8f5c4e54af5",
            "block_device_mappings": [
              {
                "device_name": "/dev/sda1",
                "ebs": {
                  "delete_on_termination": "true",
                  "encrypted": "false",
                  "iops": "0",
                  "snapshot_id": "snap-0ae55a0dfe7411cab",
                  "throughput": "0",
                  "volume_initialization_rate": "0",
                  "volume_size": "8",
                  "volume_type": "gp2"
                },
                "no_device": "",
                "virtual_name": ""
              },
              {
                "device_name": "/dev/sdb",
                "ebs": {},
                "no_device": "",
                "virtual_name": "ephemeral0"
              },
              {
                "device_name": "/dev/sdc",
                "ebs": {},
                "no_device": "",
                "virtual_name": "ephemeral1"
              }
            ],
            "boot_mode": "uefi-preferred",
            "creation_date": "2025-12-12T06:54:29.000Z",
            "deprecation_time": "2027-12-12T06:54:29.000Z",
            "description": "Canonical, Ubuntu, 22.04, amd64 jammy image",
            "ena_support": true,
            "executable_users": null,
            "filter": [
              {
                "name": "name",
                "values": [
                  "ubuntu/images/hvm-ssd/ubuntu-jammy-22.04-amd64-server-*"
                ]
              },
              {
                "name": "virtualization-type",
                "values": [
                  "hvm"
                ]
              }
            ],
            "hypervisor": "xen",
            "id": "ami-0c687e8f5c4e54af5",
            "image_id": "ami-0c687e8f5c4e54af5",
            "image_location": "amazon/ubuntu/images/hvm-ssd/ubuntu-jammy-22.04-amd64-server-20251212",
            "image_owner_alias": "amazon",
            "image_type": "machine",
            "imds_support": "",
            "include_deprecated": false,
            "kernel_id": "",
            "last_launched_time": "",
            "most_recent": true,
            "name": "ubuntu/images/hvm-ssd/ubuntu-jammy-22.04-amd64-server-20251212",
            "name_regex": null,
            "owner_id": "099720109477",
            "owners": [
              "099720109477"
            ],
            "platform": "",
            "platform_details": "Linux/UNIX",
            "product_codes": [],
            "public": true,
            "ramdisk_id": "",
            "region": "ap-southeast-1",
            "root_device_name": "/dev/sda1",
            "root_device_type": "ebs",
            "root_snapshot_id": "snap-0ae55a0dfe7411cab",
            "sriov_net_support": "simple",
            "state": "available",
            "state_reason": {
              "code": "UNSET",
              "message": "UNSET"
            },
            "tags": {},
            "timeouts": null,
            "tpm_support": "",
            "uefi_data": null,
            "usage_operation": "RunInstances",
            "virtualization_type": "hvm"
          },
          "sensitive_attributes": [],
          "identity_schema_version": 0
        }
      ]
    },
    {
      "mode": "data",
      "type": "aws_iam_policy_document",
      "name": "ssm_assume",
      "provider": "provider[\"registry.terraform.io/hashicorp/aws\"]",
      "instances": [
        {
          "schema_version": 0,
          "attributes": {
            "id": "2851119427",
            "json": "{\n  \"Version\": \"2012-10-17\",\n  \"Statement\": [\n    {\n      \"Effect\": \"Allow\",\n      \"Action\": \"sts:AssumeRole\",\n      \"Principal\": {\n        \"Service\": \"ec2.amazonaws.com\"\n      }\n    }\n  ]\n}",
            "minified_json": "{\"Version\":\"2012-10-17\",\"Statement\":[{\"Effect\":\"Allow\",\"Action\":\"sts:AssumeRole\",\"Principal\":{\"Service\":\"ec2.amazonaws.com\"}}]}",
            "override_json": null,
            "override_policy_documents": null,
            "policy_id": null,
            "source_json": null,
            "source_policy_documents": null,
            "statement": [
              {
                "actions": [
                  "sts:AssumeRole"
                ],
                "condition": [],
                "effect": "Allow",
                "not_actions": [],
                "not_principals": [],
                "not_resources": [],
                "principals": [
                  {
                    "identifiers": [
                      "ec2.amazonaws.com"
                    ],
                    "type": "Service"
                  }
                ],
                "resources": [],
                "sid": ""
              }
            ],
            "version": "2012-10-17"
          },
          "sensitive_attributes": [],
          "identity_schema_version": 0
        }
      ]
    },
    {
      "mode": "data",
      "type": "aws_subnets",
      "name": "default",
      "provider": "provider[\"registry.terraform.io/hashicorp/aws\"]",
      "instances": [
        {
          "schema_version": 0,
          "attributes": {
            "filter": [
              {
                "name": "vpc-id",
                "values": [
                  "vpc-0fbcbc1d7108fb689"
                ]
              }
            ],
            "id": "ap-southeast-1",
            "ids": [
              "subnet-0ea4ecd14e38fff93",
              "subnet-054f59fda00f53f9b",
              "subnet-0333d16765210102c"
            ],
            "region": "ap-southeast-1",
            "tags": null,
            "timeouts": null
          },
          "sensitive_attributes": [],
          "identity_schema_version": 0
        }
      ]
    },
    {
      "mode": "data",
      "type": "aws_vpc",
      "name": "default",
      "provider": "provider[\"registry.terraform.io/hashicorp/aws\"]",
      "instances": [
        {
          "schema_version": 0,
          "attributes": {
            "arn": "arn:aws:ec2:ap-southeast-1:105173791750:vpc/vpc-0fbcbc1d7108fb689",
            "cidr_block": "172.31.0.0/16",
            "cidr_block_associations": [
              {
                "association_id": "vpc-cidr-assoc-0a8f6c958bf4187dc",
                "cidr_block": "172.31.0.0/16",
                "state": "associated"
              }
            ],
            "default": true,
            "dhcp_options_id": "dopt-0cf6520e2ec9ff6ac",
            "enable_dns_hostnames": true,
            "enable_dns_support": true,
            "enable_network_address_usage_metrics": false,
            "filter": null,
            "id": "vpc-0fbcbc1d7108fb689",
            "instance_tenancy": "default",
            "ipv6_association_id": "",
            "ipv6_cidr_block": "",
            "main_route_table_id": "rtb-0ea6e27147a023aae",
            "owner_id": "105173791750",
            "region": "ap-southeast-1",
            "state": null,
            "tags": {},
            "timeouts": null
          },
          "sensitive_attributes": [],
          "identity_schema_version": 0
        }
      ]
    },
    {
      "mode": "managed",
      "type": "aws_iam_instance_profile",
      "name": "ssm_profile",
      "provider": "provider[\"registry.terraform.io/hashicorp/aws\"]",
      "instances": [
        {
          "schema_version": 0,
          "attributes": {
            "arn": "arn:aws:iam::105173791750:instance-profile/ec2-ssm-instance-profile",
            "create_date": "2025-12-30T07:01:42Z",
            "id": "ec2-ssm-instance-profile",
            "name": "ec2-ssm-instance-profile",
            "name_prefix": "",
            "path": "/",
            "role": "ec2-ssm-role",
            "tags": null,
            "tags_all": {},
            "unique_id": "AIPARQ7GYWQDAGGNQNQFX"
          },
          "sensitive_attributes": [],
          "identity_schema_version": 0,
          "private": "bnVsbA==",
          "dependencies": [
            "aws_iam_role.ssm_role",
            "data.aws_iam_policy_document.ssm_assume"
          ]
        }
      ]
    },
    {
      "mode": "managed",
      "type": "aws_iam_role",
      "name": "ssm_role",
      "provider": "provider[\"registry.terraform.io/hashicorp/aws\"]",
      "instances": [
        {
          "schema_version": 0,
          "attributes": {
            "arn": "arn:aws:iam::105173791750:role/ec2-ssm-role",
            "assume_role_policy": "{\"Statement\":[{\"Action\":\"sts:AssumeRole\",\"Effect\":\"Allow\",\"Principal\":{\"Service\":\"ec2.amazonaws.com\"}}],\"Version\":\"2012-10-17\"}",
            "create_date": "2025-12-30T07:01:41Z",
            "description": "",
            "force_detach_policies": false,
            "id": "ec2-ssm-role",
            "inline_policy": [],
            "managed_policy_arns": [],
            "max_session_duration": 3600,
            "name": "ec2-ssm-role",
            "name_prefix": "",
            "path": "/",
            "permissions_boundary": "",
            "tags": null,
            "tags_all": {},
            "unique_id": "AROARQ7GYWQDNKXFOS7C5"
          },
          "sensitive_attributes": [],
          "identity_schema_version": 0,
          "identity": {
            "account_id": "105173791750",
            "name": "ec2-ssm-role"
          },
          "private": "bnVsbA==",
          "dependencies": [
            "data.aws_iam_policy_document.ssm_assume"
          ]
        }
      ]
    },
    {
      "mode": "managed",
      "type": "aws_iam_role_policy_attachment",
      "name": "ec2_readonly",
      "provider": "provider[\"registry.terraform.io/hashicorp/aws\"]",
      "instances": [
        {
          "schema_version": 0,
          "attributes": {
            "id": "ec2-ssm-role/arn:aws:iam::aws:policy/AmazonEC2ReadOnlyAccess",
            "policy_arn": "arn:aws:iam::aws:policy/AmazonEC2ReadOnlyAccess",
            "role": "ec2-ssm-role"
          },
          "sensitive_attributes": [],
          "identity_schema_version": 0,
          "identity": {
            "account_id": "105173791750",
            "policy_arn": "arn:aws:iam::aws:policy/AmazonEC2ReadOnlyAccess",
            "role": "ec2-ssm-role"
          },
          "private": "bnVsbA==",
          "dependencies": [
            "aws_iam_role.ssm_role",
            "data.aws_iam_policy_document.ssm_assume"
          ]
        }
      ]
    },
    {
      "mode": "managed",
      "type": "aws_iam_role_policy_attachment",
      "name": "ssm_core",
      "provider": "provider[\"registry.terraform.io/hashicorp/aws\"]",
      "instances": [
        {
          "schema_version": 0,
          "attributes": {
            "id": "ec2-ssm-role/arn:aws:iam::aws:policy/AmazonSSMManagedInstanceCore",
            "policy_arn": "arn:aws:iam::aws:policy/AmazonSSMManagedInstanceCore",
            "role": "ec2-ssm-role"
          },
          "sensitive_attributes": [],
          "identity_schema_version": 0,
          "identity": {
            "account_id": "105173791750",
            "policy_arn": "arn:aws:iam::aws:policy/AmazonSSMManagedInstanceCore",
            "role": "ec2-ssm-role"
          },
          "private": "bnVsbA==",
          "dependencies": [
            "aws_iam_role.ssm_role",
            "data.aws_iam_policy_document.ssm_assume"
          ]
        }
      ]
    },
    {
      "mode": "managed",
      "type": "aws_instance",
      "name": "poc-svc_master",
      "provider": "provider[\"registry.terraform.io/hashicorp/aws\"]",
      "instances": [
        {
          "schema_version": 2,
          "attributes": {
            "ami": "ami-0c687e8f5c4e54af5",
            "arn": "arn:aws:ec2:ap-southeast-1:105173791750:instance/i-04a0ebe791573915c",
            "associate_public_ip_address": true,
            "availability_zone": "ap-southeast-1c",
            "capacity_reservation_specification": [
              {
                "capacity_reservation_preference": "open",
                "capacity_reservation_target": []
              }
            ],
            "cpu_options": [
              {
                "amd_sev_snp": "",
                "core_count": 2,
                "threads_per_core": 2
              }
            ],
            "credit_specification": [
              {
                "cpu_credits": "unlimited"
              }
            ],
            "disable_api_stop": false,
            "disable_api_termination": false,
            "ebs_block_device": [],
            "ebs_optimized": false,
            "enable_primary_ipv6": null,
            "enclave_options": [
              {
                "enabled": false
              }
            ],
            "ephemeral_block_device": [],
            "force_destroy": false,
            "get_password_data": false,
            "hibernation": false,
            "host_id": "",
            "host_resource_group_arn": null,
            "iam_instance_profile": "ec2-ssm-instance-profile",
            "id": "i-04a0ebe791573915c",
            "instance_initiated_shutdown_behavior": "stop",
            "instance_lifecycle": "",
            "instance_market_options": [],
            "instance_state": "running",
            "instance_type": "t3.xlarge",
            "ipv6_address_count": 0,
            "ipv6_addresses": [],
            "key_name": "data-platform-poc-key",
            "launch_template": [],
            "maintenance_options": [
              {
                "auto_recovery": "default"
              }
            ],
            "metadata_options": [
              {
                "http_endpoint": "enabled",
                "http_protocol_ipv6": "disabled",
                "http_put_response_hop_limit": 1,
                "http_tokens": "optional",
                "instance_metadata_tags": "disabled"
              }
            ],
            "monitoring": false,
            "network_interface": [],
            "outpost_arn": "",
            "password_data": "",
            "placement_group": "",
            "placement_group_id": "",
            "placement_partition_number": 0,
            "primary_network_interface": [
              {
                "delete_on_termination": true,
                "network_interface_id": "eni-0b892ab8c88969242"
              }
            ],
            "primary_network_interface_id": "eni-0b892ab8c88969242",
            "private_dns": "ip-172-31-12-112.ap-southeast-1.compute.internal",
            "private_dns_name_options": [
              {
                "enable_resource_name_dns_a_record": false,
                "enable_resource_name_dns_aaaa_record": false,
                "hostname_type": "ip-name"
              }
            ],
            "private_ip": "172.31.12.112",
            "public_dns": "ec2-13-214-199-29.ap-southeast-1.compute.amazonaws.com",
            "public_ip": "13.214.199.29",
            "region": "ap-southeast-1",
            "root_block_device": [
              {
                "delete_on_termination": true,
                "device_name": "/dev/sda1",
                "encrypted": true,
                "iops": 3000,
                "kms_key_id": "arn:aws:kms:ap-southeast-1:105173791750:key/011627f3-67bd-42a8-b84f-9411bf4f0784",
                "tags": null,
                "tags_all": {},
                "throughput": 250,
                "volume_id": "vol-0bc206d15d7f34f30",
                "volume_size": 50,
                "volume_type": "gp3"
              }
            ],
            "secondary_private_ips": [],
            "security_groups": [
              "data-platform-sg"
            ],
            "source_dest_check": true,
            "spot_instance_request_id": "",
            "subnet_id": "subnet-0ea4ecd14e38fff93",
            "tags": {
              "Name": "svc-master",
              "OS": "ubuntu-22.04",
              "Role": "k8s-master"
            },
            "tags_all": {
              "Name": "svc-master",
              "OS": "ubuntu-22.04",
              "Role": "k8s-master"
            },
            "tenancy": "default",
            "timeouts": null,
            "user_data": "package_update: true\r\n\r\nwrite_files:\r\n  - path: /opt/setup/common.sh\r\n    permissions: '0755'\r\n    owner: root:root\r\n    content: |\r\n        #!/usr/bin/env bash\r\n        set -euo pipefail\r\n        \r\n        sudo apt-get update -y\r\n        sudo swapoff -a || true\r\n        \r\n        # Kernel modules + sysctl\r\n        cat \u003c\u003c'EOF' | sudo tee /etc/modules-load.d/containerd.conf\r\n        overlay\r\n        br_netfilter\r\n        EOF\r\n        sudo modprobe overlay\r\n        sudo modprobe br_netfilter\r\n        \r\n        cat \u003c\u003c'EOF' | sudo tee /etc/sysctl.d/99-kubernetes.conf\r\n        net.bridge.bridge-nf-call-iptables = 1\r\n        net.bridge.bridge-nf-call-ip6tables = 1\r\n        net.ipv4.ip_forward = 1\r\n        EOF\r\n        sudo sysctl --system\r\n        \r\n        sudo apt-get install -y containerd apt-transport-https ca-certificates curl gpg\r\n        sudo mkdir -p /etc/containerd\r\n        containerd config default | sudo tee /etc/containerd/config.toml \u003e/dev/null\r\n        sudo sed -i 's/^\\(\\s*SystemdCgroup\\s*=\\s*\\)false/\\1true/' /etc/containerd/config.toml\r\n        sudo systemctl enable --now containerd\r\n        \r\n        sudo curl -fsSL https://pkgs.k8s.io/core:/stable:/v1.34/deb/Release.key \\\r\n          | sudo gpg --dearmor -o /etc/apt/keyrings/kubernetes-apt-keyring.gpg\r\n        echo 'deb [signed-by=/etc/apt/keyrings/kubernetes-apt-keyring.gpg] https://pkgs.k8s.io/core:/stable:/v1.34/deb/ /' \\\r\n         | sudo tee /etc/apt/sources.list.d/kubernetes.list\r\n        sudo apt-get update -y\r\n        sudo apt-get install -y kubelet kubeadm kubectl\r\n        sudo apt-mark hold kubelet kubeadm kubectl\r\n        \r\n        echo \"Common bootstrap done\" | sudo tee /opt/setup/STATUS_COMMON_OK\r\n        \r\n  - path: /opt/setup/master.sh\r\n    permissions: '0755'\r\n    owner: root:root\r\n    content: |\r\n        #!/usr/bin/env bash\r\n        set -euo pipefail\r\n        \r\n        APISERVER=$(hostname -I | awk '{print $1}')\r\n        sudo kubeadm init --apiserver-advertise-address=\"${APISERVER}\" --pod-network-cidr=192.168.0.0/16\r\n        \r\n        HOME_DIR=\"/home/ubuntu\"\r\n        mkdir -p ${HOME_DIR}/.kube\r\n        sudo cp -i /etc/kubernetes/admin.conf ${HOME_DIR}/.kube/config\r\n        sudo chown ubuntu:ubuntu ${HOME_DIR}/.kube/config\r\n        \r\n        \r\n\r\nruncmd:\r\n  - [ bash, -c, \"/opt/setup/common.sh\" ]\r\n  - [ bash, -c, \"/opt/setup/master.sh\" ]\r\n",
            "user_data_base64": null,
            "user_data_replace_on_change": false,
            "volume_tags": null,
            "vpc_security_group_ids": [
              "sg-09002ec439d63895f"
            ]
          },
          "sensitive_attributes": [],
          "identity_schema_version": 0,
          "identity": {
            "account_id": "105173791750",
            "id": "i-04a0ebe791573915c",
            "region": "ap-southeast-1"
          },
          "private": "eyJlMmJmYjczMC1lY2FhLTExZTYtOGY4OC0zNDM2M2JjN2M0YzAiOnsiY3JlYXRlIjo2MDAwMDAwMDAwMDAsImRlbGV0ZSI6MTIwMDAwMDAwMDAwMCwicmVhZCI6OTAwMDAwMDAwMDAwLCJ1cGRhdGUiOjYwMDAwMDAwMDAwMH0sInNjaGVtYV92ZXJzaW9uIjoiMiJ9",
          "dependencies": [
            "aws_iam_instance_profile.ssm_profile",
            "aws_iam_role.ssm_role",
            "aws_security_group.data-platform-sg",
            "data.aws_ami.ubuntu_2204_gp2",
            "data.aws_iam_policy_document.ssm_assume",
            "data.aws_subnets.default",
            "data.aws_vpc.default"
          ]
        }
      ]
    },
    {
      "mode": "managed",
      "type": "aws_instance",
      "name": "poc-svc_workers",
      "provider": "provider[\"registry.terraform.io/hashicorp/aws\"]",
      "instances": [
        {
          "index_key": 0,
          "schema_version": 2,
          "attributes": {
            "ami": "ami-0c687e8f5c4e54af5",
            "arn": "arn:aws:ec2:ap-southeast-1:105173791750:instance/i-05ab266613fa2af7c",
            "associate_public_ip_address": true,
            "availability_zone": "ap-southeast-1c",
            "capacity_reservation_specification": [
              {
                "capacity_reservation_preference": "open",
                "capacity_reservation_target": []
              }
            ],
            "cpu_options": [
              {
                "amd_sev_snp": "",
                "core_count": 8,
                "threads_per_core": 2
              }
            ],
            "credit_specification": [],
            "disable_api_stop": false,
            "disable_api_termination": false,
            "ebs_block_device": [],
            "ebs_optimized": false,
            "enable_primary_ipv6": null,
            "enclave_options": [
              {
                "enabled": false
              }
            ],
            "ephemeral_block_device": [],
            "force_destroy": false,
            "get_password_data": false,
            "hibernation": false,
            "host_id": "",
            "host_resource_group_arn": null,
            "iam_instance_profile": "ec2-ssm-instance-profile",
            "id": "i-05ab266613fa2af7c",
            "instance_initiated_shutdown_behavior": "stop",
            "instance_lifecycle": "",
            "instance_market_options": [],
            "instance_state": "running",
            "instance_type": "c5a.4xlarge",
            "ipv6_address_count": 0,
            "ipv6_addresses": [],
            "key_name": "data-platform-poc-key",
            "launch_template": [],
            "maintenance_options": [
              {
                "auto_recovery": "default"
              }
            ],
            "metadata_options": [
              {
                "http_endpoint": "enabled",
                "http_protocol_ipv6": "disabled",
                "http_put_response_hop_limit": 1,
                "http_tokens": "optional",
                "instance_metadata_tags": "disabled"
              }
            ],
            "monitoring": false,
            "network_interface": [],
            "outpost_arn": "",
            "password_data": "",
            "placement_group": "",
            "placement_group_id": "",
            "placement_partition_number": 0,
            "primary_network_interface": [
              {
                "delete_on_termination": true,
                "network_interface_id": "eni-057cac1a4d72abb98"
              }
            ],
            "primary_network_interface_id": "eni-057cac1a4d72abb98",
            "private_dns": "ip-172-31-4-69.ap-southeast-1.compute.internal",
            "private_dns_name_options": [
              {
                "enable_resource_name_dns_a_record": false,
                "enable_resource_name_dns_aaaa_record": false,
                "hostname_type": "ip-name"
              }
            ],
            "private_ip": "172.31.4.69",
            "public_dns": "ec2-13-212-160-208.ap-southeast-1.compute.amazonaws.com",
            "public_ip": "13.212.160.208",
            "region": "ap-southeast-1",
            "root_block_device": [
              {
                "delete_on_termination": true,
                "device_name": "/dev/sda1",
                "encrypted": true,
                "iops": 3000,
                "kms_key_id": "arn:aws:kms:ap-southeast-1:105173791750:key/011627f3-67bd-42a8-b84f-9411bf4f0784",
                "tags": null,
                "tags_all": {},
                "throughput": 250,
                "volume_id": "vol-01a8106710c4b32f6",
                "volume_size": 100,
                "volume_type": "gp3"
              }
            ],
            "secondary_private_ips": [],
            "security_groups": [
              "data-platform-sg"
            ],
            "source_dest_check": true,
            "spot_instance_request_id": "",
            "subnet_id": "subnet-0ea4ecd14e38fff93",
            "tags": {
              "Name": "svc-worker-1",
              "OS": "ubuntu-22.04",
              "Role": "k8s-worker"
            },
            "tags_all": {
              "Name": "svc-worker-1",
              "OS": "ubuntu-22.04",
              "Role": "k8s-worker"
            },
            "tenancy": "default",
            "timeouts": null,
            "user_data": "package_update: true\r\n\r\nwrite_files:\r\n  - path: /opt/setup/common.sh\r\n    permissions: '0755'\r\n    owner: root:root\r\n    content: |\r\n        #!/usr/bin/env bash\r\n        set -euo pipefail\r\n        \r\n        sudo apt-get update -y\r\n        sudo swapoff -a || true\r\n        \r\n        # Kernel modules + sysctl\r\n        cat \u003c\u003c'EOF' | sudo tee /etc/modules-load.d/containerd.conf\r\n        overlay\r\n        br_netfilter\r\n        EOF\r\n        sudo modprobe overlay\r\n        sudo modprobe br_netfilter\r\n        \r\n        cat \u003c\u003c'EOF' | sudo tee /etc/sysctl.d/99-kubernetes.conf\r\n        net.bridge.bridge-nf-call-iptables = 1\r\n        net.bridge.bridge-nf-call-ip6tables = 1\r\n        net.ipv4.ip_forward = 1\r\n        EOF\r\n        sudo sysctl --system\r\n        \r\n        sudo apt-get install -y containerd apt-transport-https ca-certificates curl gpg\r\n        sudo mkdir -p /etc/containerd\r\n        containerd config default | sudo tee /etc/containerd/config.toml \u003e/dev/null\r\n        sudo sed -i 's/^\\(\\s*SystemdCgroup\\s*=\\s*\\)false/\\1true/' /etc/containerd/config.toml\r\n        sudo systemctl enable --now containerd\r\n        \r\n        sudo curl -fsSL https://pkgs.k8s.io/core:/stable:/v1.34/deb/Release.key \\\r\n          | sudo gpg --dearmor -o /etc/apt/keyrings/kubernetes-apt-keyring.gpg\r\n        echo 'deb [signed-by=/etc/apt/keyrings/kubernetes-apt-keyring.gpg] https://pkgs.k8s.io/core:/stable:/v1.34/deb/ /' \\\r\n         | sudo tee /etc/apt/sources.list.d/kubernetes.list\r\n        sudo apt-get update -y\r\n        sudo apt-get install -y kubelet kubeadm kubectl\r\n        sudo apt-mark hold kubelet kubeadm kubectl\r\n        \r\n        echo \"Common bootstrap done\" | sudo tee /opt/setup/STATUS_COMMON_OK\r\n        \r\nruncmd:\r\n  - [ bash, -c, \"/opt/setup/common.sh\" ]\r\n",
            "user_data_base64": null,
            "user_data_replace_on_change": false,
            "volume_tags": null,
            "vpc_security_group_ids": [
              "sg-09002ec439d63895f"
            ]
          },
          "sensitive_attributes": [],
          "identity_schema_version": 0,
          "identity": {
            "account_id": "105173791750",
            "id": "i-05ab266613fa2af7c",
            "region": "ap-southeast-1"
          },
          "private": "eyJlMmJmYjczMC1lY2FhLTExZTYtOGY4OC0zNDM2M2JjN2M0YzAiOnsiY3JlYXRlIjo2MDAwMDAwMDAwMDAsImRlbGV0ZSI6MTIwMDAwMDAwMDAwMCwicmVhZCI6OTAwMDAwMDAwMDAwLCJ1cGRhdGUiOjYwMDAwMDAwMDAwMH0sInNjaGVtYV92ZXJzaW9uIjoiMiJ9",
          "dependencies": [
            "aws_iam_instance_profile.ssm_profile",
            "aws_iam_role.ssm_role",
            "aws_security_group.data-platform-sg",
            "data.aws_ami.ubuntu_2204_gp2",
            "data.aws_iam_policy_document.ssm_assume",
            "data.aws_subnets.default",
            "data.aws_vpc.default"
          ]
        },
        {
          "index_key": 1,
          "schema_version": 2,
          "attributes": {
            "ami": "ami-0c687e8f5c4e54af5",
            "arn": "arn:aws:ec2:ap-southeast-1:105173791750:instance/i-05b4163b9fe21a6bc",
            "associate_public_ip_address": true,
            "availability_zone": "ap-southeast-1c",
            "capacity_reservation_specification": [
              {
                "capacity_reservation_preference": "open",
                "capacity_reservation_target": []
              }
            ],
            "cpu_options": [
              {
                "amd_sev_snp": "",
                "core_count": 8,
                "threads_per_core": 2
              }
            ],
            "credit_specification": [],
            "disable_api_stop": false,
            "disable_api_termination": false,
            "ebs_block_device": [],
            "ebs_optimized": false,
            "enable_primary_ipv6": null,
            "enclave_options": [
              {
                "enabled": false
              }
            ],
            "ephemeral_block_device": [],
            "force_destroy": false,
            "get_password_data": false,
            "hibernation": false,
            "host_id": "",
            "host_resource_group_arn": null,
            "iam_instance_profile": "ec2-ssm-instance-profile",
            "id": "i-05b4163b9fe21a6bc",
            "instance_initiated_shutdown_behavior": "stop",
            "instance_lifecycle": "",
            "instance_market_options": [],
            "instance_state": "running",
            "instance_type": "c5a.4xlarge",
            "ipv6_address_count": 0,
            "ipv6_addresses": [],
            "key_name": "data-platform-poc-key",
            "launch_template": [],
            "maintenance_options": [
              {
                "auto_recovery": "default"
              }
            ],
            "metadata_options": [
              {
                "http_endpoint": "enabled",
                "http_protocol_ipv6": "disabled",
                "http_put_response_hop_limit": 1,
                "http_tokens": "optional",
                "instance_metadata_tags": "disabled"
              }
            ],
            "monitoring": false,
            "network_interface": [],
            "outpost_arn": "",
            "password_data": "",
            "placement_group": "",
            "placement_group_id": "",
            "placement_partition_number": 0,
            "primary_network_interface": [
              {
                "delete_on_termination": true,
                "network_interface_id": "eni-093eb5b04c7bc0113"
              }
            ],
            "primary_network_interface_id": "eni-093eb5b04c7bc0113",
            "private_dns": "ip-172-31-2-211.ap-southeast-1.compute.internal",
            "private_dns_name_options": [
              {
                "enable_resource_name_dns_a_record": false,
                "enable_resource_name_dns_aaaa_record": false,
                "hostname_type": "ip-name"
              }
            ],
            "private_ip": "172.31.2.211",
            "public_dns": "ec2-13-214-158-91.ap-southeast-1.compute.amazonaws.com",
            "public_ip": "13.214.158.91",
            "region": "ap-southeast-1",
            "root_block_device": [
              {
                "delete_on_termination": true,
                "device_name": "/dev/sda1",
                "encrypted": true,
                "iops": 3000,
                "kms_key_id": "arn:aws:kms:ap-southeast-1:105173791750:key/011627f3-67bd-42a8-b84f-9411bf4f0784",
                "tags": null,
                "tags_all": {},
                "throughput": 250,
                "volume_id": "vol-06042d96aca3f9187",
                "volume_size": 100,
                "volume_type": "gp3"
              }
            ],
            "secondary_private_ips": [],
            "security_groups": [
              "data-platform-sg"
            ],
            "source_dest_check": true,
            "spot_instance_request_id": "",
            "subnet_id": "subnet-0ea4ecd14e38fff93",
            "tags": {
              "Name": "svc-worker-2",
              "OS": "ubuntu-22.04",
              "Role": "k8s-worker"
            },
            "tags_all": {
              "Name": "svc-worker-2",
              "OS": "ubuntu-22.04",
              "Role": "k8s-worker"
            },
            "tenancy": "default",
            "timeouts": null,
            "user_data": "package_update: true\r\n\r\nwrite_files:\r\n  - path: /opt/setup/common.sh\r\n    permissions: '0755'\r\n    owner: root:root\r\n    content: |\r\n        #!/usr/bin/env bash\r\n        set -euo pipefail\r\n        \r\n        sudo apt-get update -y\r\n        sudo swapoff -a || true\r\n        \r\n        # Kernel modules + sysctl\r\n        cat \u003c\u003c'EOF' | sudo tee /etc/modules-load.d/containerd.conf\r\n        overlay\r\n        br_netfilter\r\n        EOF\r\n        sudo modprobe overlay\r\n        sudo modprobe br_netfilter\r\n        \r\n        cat \u003c\u003c'EOF' | sudo tee /etc/sysctl.d/99-kubernetes.conf\r\n        net.bridge.bridge-nf-call-iptables = 1\r\n        net.bridge.bridge-nf-call-ip6tables = 1\r\n        net.ipv4.ip_forward = 1\r\n        EOF\r\n        sudo sysctl --system\r\n        \r\n        sudo apt-get install -y containerd apt-transport-https ca-certificates curl gpg\r\n        sudo mkdir -p /etc/containerd\r\n        containerd config default | sudo tee /etc/containerd/config.toml \u003e/dev/null\r\n        sudo sed -i 's/^\\(\\s*SystemdCgroup\\s*=\\s*\\)false/\\1true/' /etc/containerd/config.toml\r\n        sudo systemctl enable --now containerd\r\n        \r\n        sudo curl -fsSL https://pkgs.k8s.io/core:/stable:/v1.34/deb/Release.key \\\r\n          | sudo gpg --dearmor -o /etc/apt/keyrings/kubernetes-apt-keyring.gpg\r\n        echo 'deb [signed-by=/etc/apt/keyrings/kubernetes-apt-keyring.gpg] https://pkgs.k8s.io/core:/stable:/v1.34/deb/ /' \\\r\n         | sudo tee /etc/apt/sources.list.d/kubernetes.list\r\n        sudo apt-get update -y\r\n        sudo apt-get install -y kubelet kubeadm kubectl\r\n        sudo apt-mark hold kubelet kubeadm kubectl\r\n        \r\n        echo \"Common bootstrap done\" | sudo tee /opt/setup/STATUS_COMMON_OK\r\n        \r\nruncmd:\r\n  - [ bash, -c, \"/opt/setup/common.sh\" ]\r\n",
            "user_data_base64": null,
            "user_data_replace_on_change": false,
            "volume_tags": null,
            "vpc_security_group_ids": [
              "sg-09002ec439d63895f"
            ]
          },
          "sensitive_attributes": [],
          "identity_schema_version": 0,
          "identity": {
            "account_id": "105173791750",
            "id": "i-05b4163b9fe21a6bc",
            "region": "ap-southeast-1"
          },
          "private": "eyJlMmJmYjczMC1lY2FhLTExZTYtOGY4OC0zNDM2M2JjN2M0YzAiOnsiY3JlYXRlIjo2MDAwMDAwMDAwMDAsImRlbGV0ZSI6MTIwMDAwMDAwMDAwMCwicmVhZCI6OTAwMDAwMDAwMDAwLCJ1cGRhdGUiOjYwMDAwMDAwMDAwMH0sInNjaGVtYV92ZXJzaW9uIjoiMiJ9",
          "dependencies": [
            "aws_iam_instance_profile.ssm_profile",
            "aws_iam_role.ssm_role",
            "aws_security_group.data-platform-sg",
            "data.aws_ami.ubuntu_2204_gp2",
            "data.aws_iam_policy_document.ssm_assume",
            "data.aws_subnets.default",
            "data.aws_vpc.default"
          ]
        }
      ]
    },
    {
      "mode": "managed",
      "type": "aws_security_group",
      "name": "data-platform-sg",
      "provider": "provider[\"registry.terraform.io/hashicorp/aws\"]",
      "instances": [
        {
          "schema_version": 1,
          "attributes": {
            "arn": "arn:aws:ec2:ap-southeast-1:105173791750:security-group/sg-09002ec439d63895f",
            "description": "Kubernetes + SSH + MinIO",
            "egress": [
              {
                "cidr_blocks": [
                  "0.0.0.0/0"
                ],
                "description": "",
                "from_port": 0,
                "ipv6_cidr_blocks": [],
                "prefix_list_ids": [],
                "protocol": "-1",
                "security_groups": [],
                "self": false,
                "to_port": 0
              }
            ],
            "id": "sg-09002ec439d63895f",
            "ingress": [
              {
                "cidr_blocks": [
                  "0.0.0.0/0"
                ],
                "description": "",
                "from_port": 10250,
                "ipv6_cidr_blocks": [],
                "prefix_list_ids": [],
                "protocol": "tcp",
                "security_groups": [],
                "self": false,
                "to_port": 10250
              },
              {
                "cidr_blocks": [
                  "0.0.0.0/0"
                ],
                "description": "",
                "from_port": 10257,
                "ipv6_cidr_blocks": [],
                "prefix_list_ids": [],
                "protocol": "tcp",
                "security_groups": [],
                "self": false,
                "to_port": 10257
              },
              {
                "cidr_blocks": [
                  "0.0.0.0/0"
                ],
                "description": "",
                "from_port": 10259,
                "ipv6_cidr_blocks": [],
                "prefix_list_ids": [],
                "protocol": "tcp",
                "security_groups": [],
                "self": false,
                "to_port": 10259
              },
              {
                "cidr_blocks": [
                  "0.0.0.0/0"
                ],
                "description": "",
                "from_port": 22,
                "ipv6_cidr_blocks": [],
                "prefix_list_ids": [],
                "protocol": "tcp",
                "security_groups": [],
                "self": false,
                "to_port": 22
              },
              {
                "cidr_blocks": [
                  "0.0.0.0/0"
                ],
                "description": "",
                "from_port": 2379,
                "ipv6_cidr_blocks": [],
                "prefix_list_ids": [],
                "protocol": "tcp",
                "security_groups": [],
                "self": false,
                "to_port": 2380
              },
              {
                "cidr_blocks": [
                  "0.0.0.0/0"
                ],
                "description": "",
                "from_port": 30000,
                "ipv6_cidr_blocks": [],
                "prefix_list_ids": [],
                "protocol": "tcp",
                "security_groups": [],
                "self": false,
                "to_port": 32767
              },
              {
                "cidr_blocks": [
                  "0.0.0.0/0"
                ],
                "description": "",
                "from_port": 6443,
                "ipv6_cidr_blocks": [],
                "prefix_list_ids": [],
                "protocol": "tcp",
                "security_groups": [],
                "self": false,
                "to_port": 6443
              },
              {
                "cidr_blocks": [
                  "0.0.0.0/0"
                ],
                "description": "",
                "from_port": 79,
                "ipv6_cidr_blocks": [],
                "prefix_list_ids": [],
                "protocol": "tcp",
                "security_groups": [],
                "self": false,
                "to_port": 79
              },
              {
                "cidr_blocks": [
                  "0.0.0.0/0"
                ],
                "description": "",
                "from_port": 9000,
                "ipv6_cidr_blocks": [],
                "prefix_list_ids": [],
                "protocol": "tcp",
                "security_groups": [],
                "self": false,
                "to_port": 9001
              },
              {
                "cidr_blocks": [
                  "0.0.0.0/0"
                ],
                "description": "Allow all inbound traffic",
                "from_port": 0,
                "ipv6_cidr_blocks": [
                  "::/0"
                ],
                "prefix_list_ids": [],
                "protocol": "-1",
                "security_groups": [],
                "self": false,
                "to_port": 0
              }
            ],
            "name": "data-platform-sg",
            "name_prefix": "",
            "owner_id": "105173791750",
            "region": "ap-southeast-1",
            "revoke_rules_on_delete": false,
            "tags": null,
            "tags_all": {},
            "timeouts": null,
            "vpc_id": "vpc-0fbcbc1d7108fb689"
          },
          "sensitive_attributes": [],
          "identity_schema_version": 0,
          "identity": {
            "account_id": "105173791750",
            "id": "sg-09002ec439d63895f",
            "region": "ap-southeast-1"
          },
          "private": "eyJlMmJmYjczMC1lY2FhLTExZTYtOGY4OC0zNDM2M2JjN2M0YzAiOnsiY3JlYXRlIjo2MDAwMDAwMDAwMDAsImRlbGV0ZSI6OTAwMDAwMDAwMDAwfSwic2NoZW1hX3ZlcnNpb24iOiIxIn0=",
          "dependencies": [
            "data.aws_vpc.default"
          ]
        }
      ]
    },
    {
      "mode": "managed",
      "type": "null_resource",
      "name": "hint_join_script",
      "provider": "provider[\"registry.terraform.io/hashicorp/null\"]",
      "instances": [
        {
          "schema_version": 0,
          "attributes": {
            "id": "7625682268466489778",
            "triggers": {
              "master_ip": "172.31.12.112",
              "worker1_ip": "172.31.4.69",
              "worker2_ip": "172.31.2.211"
            }
          },
          "sensitive_attributes": [],
          "identity_schema_version": 0,
          "dependencies": [
            "aws_iam_instance_profile.ssm_profile",
            "aws_iam_role.ssm_role",
            "aws_instance.poc-svc_master",
            "aws_instance.poc-svc_workers",
            "aws_security_group.data-platform-sg",
            "data.aws_ami.ubuntu_2204_gp2",
            "data.aws_iam_policy_document.ssm_assume",
            "data.aws_subnets.default",
            "data.aws_vpc.default"
          ]
        }
      ]
    }
  ],
  "check_results": null
}
